{
    "_meta": {
        "hash": {
            "sha256": "0c9c7ad42179aff187a009459ea5ef553ba6cda5845715457b6d4521f44e711c"
        },
        "pipfile-spec": 6,
        "requires": {
            "python_version": "3.10"
        },
        "sources": [
            {
                "name": "pypi",
                "url": "https://pypi.org/simple",
                "verify_ssl": true
            }
        ]
    },
    "default": {
        "asgiref": {
            "hashes": [
                "sha256:3e1e3ecc849832fe52ccf2cb6686b7a55f82bb1d6aee72a58826471390335e47",
                "sha256:c343bd80a0bec947a9860adb4c432ffa7db769836c64238fc34bdc3fec84d590"
            ],
            "markers": "python_version >= '3.8'",
            "version": "==3.8.1"
        },
        "astroid": {
            "hashes": [
                "sha256:5eba185467253501b62a9f113c263524b4f5d55e1b30456370eed4cdbd6438fd",
                "sha256:e73d0b62dd680a7c07cb2cd0ce3c22570b044dd01bd994bc3a2dd16c6cbba162"
            ],
            "markers": "python_full_version >= '3.9.0'",
            "version": "==3.3.4"
        },
        "autopep8": {
            "hashes": [
                "sha256:8d6c87eba648fdcfc83e29b788910b8643171c395d9c4bcf115ece035b9c9dda",
                "sha256:a203fe0fcad7939987422140ab17a930f684763bf7335bdb6709991dd7ef6c2d"
            ],
            "index": "pypi",
            "markers": "python_version >= '3.8'",
            "version": "==2.3.1"
        },
        "colorama": {
            "hashes": [
                "sha256:08695f5cb7ed6e0531a20572697297273c47b8cae5a63ffc6d6ed5c201be6e44",
                "sha256:4f1d9991f5acc0ca119f9d443620b77f9d6b33703e51011c16baf57afb285fc6"
            ],
            "markers": "sys_platform == 'win32'",
            "version": "==0.4.6"
        },
        "dill": {
            "hashes": [
                "sha256:3ebe3c479ad625c4553aca177444d89b486b1d84982eeacded644afc0cf797ca",
                "sha256:c36ca9ffb54365bdd2f8eb3eff7d2a21237f8452b57ace88b1ac615b7e815bd7"
            ],
            "markers": "python_version < '3.11'",
            "version": "==0.3.8"
        },
        "django": {
            "hashes": [
                "sha256:021ffb7fdab3d2d388bc8c7c2434eb9c1f6f4d09e6119010bbb1694dda286bc2",
                "sha256:71603f27dac22a6533fb38d83072eea9ddb4017fead6f67f2562a40402d61c3f"
            ],
            "index": "pypi",
            "markers": "python_version >= '3.10'",
            "version": "==5.1.1"
        },
        "django-cors-headers": {
            "hashes": [
                "sha256:5c6e3b7fe870876a1efdfeb4f433782c3524078fa0dc9e0195f6706ce7a242f6",
                "sha256:92cf4633e22af67a230a1456cb1b7a02bb213d6536d2dcb2a4a24092ea9cebc2"
            ],
            "index": "pypi",
            "markers": "python_version >= '3.8'",
            "version": "==4.4.0"
        },
        "djangorestframework": {
            "hashes": [
                "sha256:2b8871b062ba1aefc2de01f773875441a961fefbf79f5eed1e32b2f096944b20",
                "sha256:36fe88cd2d6c6bec23dca9804bab2ba5517a8bb9d8f47ebc68981b56840107ad"
            ],
            "index": "pypi",
            "markers": "python_version >= '3.8'",
            "version": "==3.15.2"
        },
        "isort": {
            "hashes": [
                "sha256:48fdfcb9face5d58a4f6dde2e72a1fb8dcaf8ab26f95ab49fab84c2ddefb0109",
                "sha256:8ca5e72a8d85860d5a3fa69b8745237f2939afe12dbf656afbcb47fe72d947a6"
            ],
            "markers": "python_full_version >= '3.8.0'",
            "version": "==5.13.2"
        },
        "mccabe": {
            "hashes": [
                "sha256:348e0240c33b60bbdf4e523192ef919f28cb2c3d7d5c7794f74009290f236325",
                "sha256:6c2d30ab6be0e4a46919781807b4f0d834ebdd6c6e3dca0bda5a15f863427b6e"
            ],
            "markers": "python_version >= '3.6'",
            "version": "==0.7.0"
        },
        "platformdirs": {
            "hashes": [
                "sha256:357fb2acbc885b0419afd3ce3ed34564c13c9b95c89360cd9563f73aa5e2b907",
                "sha256:73e575e1408ab8103900836b97580d5307456908a03e92031bab39e4554cc3fb"
            ],
            "markers": "python_version >= '3.8'",
            "version": "==4.3.6"
        },
        "pycodestyle": {
            "hashes": [
                "sha256:46f0fb92069a7c28ab7bb558f05bfc0110dac69a0cd23c61ea0040283a9d78b3",
                "sha256:6838eae08bbce4f6accd5d5572075c63626a15ee3e6f842df996bf62f6d73521"
            ],
            "markers": "python_version >= '3.8'",
            "version": "==2.12.1"
        },
        "pylint": {
            "hashes": [
                "sha256:2f846a466dd023513240bc140ad2dd73bfc080a5d85a710afdb728c420a5a2b9",
                "sha256:9f3dcc87b1203e612b78d91a896407787e708b3f189b5fa0b307712d49ff0c6e"
            ],
            "index": "pypi",
            "markers": "python_full_version >= '3.9.0'",
            "version": "==3.3.1"
        },
        "pylint-django": {
            "hashes": [
                "sha256:2f339e4bf55776958283395c5139c37700c91bd5ef1d8251ef6ac88b5abbba9b",
                "sha256:5abd5c2228e0e5e2a4cb6d0b4fc1d1cef1e773d0be911412f4dd4fc1a1a440b7"
            ],
            "index": "pypi",
            "markers": "python_version >= '3.7' and python_version < '4.0'",
            "version": "==2.5.5"
        },
        "pylint-plugin-utils": {
            "hashes": [
                "sha256:ae11664737aa2effbf26f973a9e0b6779ab7106ec0adc5fe104b0907ca04e507",
                "sha256:d3cebf68a38ba3fba23a873809155562571386d4c1b03e5b4c4cc26c3eee93e4"
            ],
            "markers": "python_version >= '3.7' and python_version < '4.0'",
            "version": "==0.8.2"
        },
        "sqlparse": {
            "hashes": [
                "sha256:773dcbf9a5ab44a090f3441e2180efe2560220203dc2f8c0b0fa141e18b505e4",
                "sha256:bb6b4df465655ef332548e24f08e205afc81b9ab86cb1c45657a7ff173a3a00e"
            ],
            "markers": "python_version >= '3.8'",
            "version": "==0.5.1"
        },
        "tomli": {
            "hashes": [
                "sha256:939de3e7a6161af0c887ef91b7d41a53e7c5a1ca976325f429cb46ea9bc30ecc",
                "sha256:de526c12914f0c550d15924c62d72abc48d6fe7364aa87328337a31007fe8a4f"
            ],
            "markers": "python_version < '3.11'",
            "version": "==2.0.1"
        },
        "tomlkit": {
            "hashes": [
                "sha256:7a974427f6e119197f670fbbbeae7bef749a6c14e793db934baefc1b5f03efde",
                "sha256:fff5fe59a87295b278abd31bec92c15d9bc4a06885ab12bcea52c71119392e79"
            ],
            "markers": "python_version >= '3.8'",
            "version": "==0.13.2"
        },
        "typing-extensions": {
            "hashes": [
                "sha256:04e5ca0351e0f3f85c6853954072df659d0d13fac324d0072316b67d7794700d",
                "sha256:1a7ead55c7e559dd4dee8856e3a88b41225abfe1ce8df57b7c13915fe121ffb8"
            ],
            "markers": "python_version < '3.11'",
            "version": "==4.12.2"
        },
        "tzdata": {
            "hashes": [
                "sha256:7d85cc416e9382e69095b7bdf4afd9e3880418a2413feec7069d533d6b4e31cc",
                "sha256:a48093786cdcde33cad18c2555e8532f34422074448fbc874186f0abd79565cd"
            ],
            "markers": "sys_platform == 'win32'",
            "version": "==2024.2"
        }
    },
    "develop": {}
}
